// !$*UTF8*$!
{
	archiveVersion = 1;
	classes = {
	};
	objectVersion = 55;
	objects = {

/* Begin PBXBuildFile section */
		047021FD2828094A00ACB147 /* AppDelegate.swift in Sources */ = {isa = PBXBuildFile; fileRef = 047021FC2828094A00ACB147 /* AppDelegate.swift */; };
		047021FF2828094A00ACB147 /* SceneDelegate.swift in Sources */ = {isa = PBXBuildFile; fileRef = 047021FE2828094A00ACB147 /* SceneDelegate.swift */; };
		047022012828094A00ACB147 /* ViewController.swift in Sources */ = {isa = PBXBuildFile; fileRef = 047022002828094A00ACB147 /* ViewController.swift */; };
		047022042828094A00ACB147 /* Main.storyboard in Resources */ = {isa = PBXBuildFile; fileRef = 047022022828094A00ACB147 /* Main.storyboard */; };
		047022062828094C00ACB147 /* Assets.xcassets in Resources */ = {isa = PBXBuildFile; fileRef = 047022052828094C00ACB147 /* Assets.xcassets */; };
		047022092828094C00ACB147 /* LaunchScreen.storyboard in Resources */ = {isa = PBXBuildFile; fileRef = 047022072828094C00ACB147 /* LaunchScreen.storyboard */; };
		047022142828094D00ACB147 /* BaristaDeveloperTests.swift in Sources */ = {isa = PBXBuildFile; fileRef = 047022132828094D00ACB147 /* BaristaDeveloperTests.swift */; };
		0470221E2828094D00ACB147 /* BaristaDeveloperUITests.swift in Sources */ = {isa = PBXBuildFile; fileRef = 0470221D2828094D00ACB147 /* BaristaDeveloperUITests.swift */; };
		047022202828094D00ACB147 /* BaristaDeveloperUITestsLaunchTests.swift in Sources */ = {isa = PBXBuildFile; fileRef = 0470221F2828094D00ACB147 /* BaristaDeveloperUITestsLaunchTests.swift */; };
/* End PBXBuildFile section */

/* Begin PBXContainerItemProxy section */
		047022102828094D00ACB147 /* PBXContainerItemProxy */ = {
			isa = PBXContainerItemProxy;
			containerPortal = 047021F12828094A00ACB147 /* Project object */;
			proxyType = 1;
			remoteGlobalIDString = 047021F82828094A00ACB147;
			remoteInfo = BaristaDeveloper;
		};
		0470221A2828094D00ACB147 /* PBXContainerItemProxy */ = {
			isa = PBXContainerItemProxy;
			containerPortal = 047021F12828094A00ACB147 /* Project object */;
			proxyType = 1;
			remoteGlobalIDString = 047021F82828094A00ACB147;
			remoteInfo = BaristaDeveloper;
		};
/* End PBXContainerItemProxy section */

/* Begin PBXFileReference section */
		047021F92828094A00ACB147 /* BaristaDeveloper.app */ = {isa = PBXFileReference; explicitFileType = wrapper.application; includeInIndex = 0; path = BaristaDeveloper.app; sourceTree = BUILT_PRODUCTS_DIR; };
		047021FC2828094A00ACB147 /* AppDelegate.swift */ = {isa = PBXFileReference; lastKnownFileType = sourcecode.swift; path = AppDelegate.swift; sourceTree = "<group>"; };
		047021FE2828094A00ACB147 /* SceneDelegate.swift */ = {isa = PBXFileReference; lastKnownFileType = sourcecode.swift; path = SceneDelegate.swift; sourceTree = "<group>"; };
		047022002828094A00ACB147 /* ViewController.swift */ = {isa = PBXFileReference; lastKnownFileType = sourcecode.swift; path = ViewController.swift; sourceTree = "<group>"; };
		047022032828094A00ACB147 /* Base */ = {isa = PBXFileReference; lastKnownFileType = file.storyboard; name = Base; path = Base.lproj/Main.storyboard; sourceTree = "<group>"; };
		047022052828094C00ACB147 /* Assets.xcassets */ = {isa = PBXFileReference; lastKnownFileType = folder.assetcatalog; path = Assets.xcassets; sourceTree = "<group>"; };
		047022082828094C00ACB147 /* Base */ = {isa = PBXFileReference; lastKnownFileType = file.storyboard; name = Base; path = Base.lproj/LaunchScreen.storyboard; sourceTree = "<group>"; };
		0470220A2828094C00ACB147 /* Info.plist */ = {isa = PBXFileReference; lastKnownFileType = text.plist.xml; path = Info.plist; sourceTree = "<group>"; };
		0470220F2828094D00ACB147 /* BaristaDeveloperTests.xctest */ = {isa = PBXFileReference; explicitFileType = wrapper.cfbundle; includeInIndex = 0; path = BaristaDeveloperTests.xctest; sourceTree = BUILT_PRODUCTS_DIR; };
		047022132828094D00ACB147 /* BaristaDeveloperTests.swift */ = {isa = PBXFileReference; lastKnownFileType = sourcecode.swift; path = BaristaDeveloperTests.swift; sourceTree = "<group>"; };
		047022192828094D00ACB147 /* BaristaDeveloperUITests.xctest */ = {isa = PBXFileReference; explicitFileType = wrapper.cfbundle; includeInIndex = 0; path = BaristaDeveloperUITests.xctest; sourceTree = BUILT_PRODUCTS_DIR; };
		0470221D2828094D00ACB147 /* BaristaDeveloperUITests.swift */ = {isa = PBXFileReference; lastKnownFileType = sourcecode.swift; path = BaristaDeveloperUITests.swift; sourceTree = "<group>"; };
		0470221F2828094D00ACB147 /* BaristaDeveloperUITestsLaunchTests.swift */ = {isa = PBXFileReference; lastKnownFileType = sourcecode.swift; path = BaristaDeveloperUITestsLaunchTests.swift; sourceTree = "<group>"; };
/* End PBXFileReference section */

/* Begin PBXFrameworksBuildPhase section */
		047021F62828094A00ACB147 /* Frameworks */ = {
			isa = PBXFrameworksBuildPhase;
			buildActionMask = 2147483647;
			files = (
			);
			runOnlyForDeploymentPostprocessing = 0;
		};
		0470220C2828094D00ACB147 /* Frameworks */ = {
			isa = PBXFrameworksBuildPhase;
			buildActionMask = 2147483647;
			files = (
			);
			runOnlyForDeploymentPostprocessing = 0;
		};
		047022162828094D00ACB147 /* Frameworks */ = {
			isa = PBXFrameworksBuildPhase;
			buildActionMask = 2147483647;
			files = (
			);
			runOnlyForDeploymentPostprocessing = 0;
		};
/* End PBXFrameworksBuildPhase section */

/* Begin PBXGroup section */
		047021F02828094A00ACB147 = {
			isa = PBXGroup;
			children = (
				047021FB2828094A00ACB147 /* BaristaDeveloper */,
				047022122828094D00ACB147 /* BaristaDeveloperTests */,
				0470221C2828094D00ACB147 /* BaristaDeveloperUITests */,
				047021FA2828094A00ACB147 /* Products */,
			);
			sourceTree = "<group>";
		};
		047021FA2828094A00ACB147 /* Products */ = {
			isa = PBXGroup;
			children = (
				047021F92828094A00ACB147 /* BaristaDeveloper.app */,
				0470220F2828094D00ACB147 /* BaristaDeveloperTests.xctest */,
				047022192828094D00ACB147 /* BaristaDeveloperUITests.xctest */,
			);
			name = Products;
			sourceTree = "<group>";
		};
		047021FB2828094A00ACB147 /* BaristaDeveloper */ = {
			isa = PBXGroup;
			children = (
				047021FC2828094A00ACB147 /* AppDelegate.swift */,
				047021FE2828094A00ACB147 /* SceneDelegate.swift */,
				047022002828094A00ACB147 /* ViewController.swift */,
				047022022828094A00ACB147 /* Main.storyboard */,
				047022052828094C00ACB147 /* Assets.xcassets */,
				047022072828094C00ACB147 /* LaunchScreen.storyboard */,
				0470220A2828094C00ACB147 /* Info.plist */,
			);
			path = BaristaDeveloper;
			sourceTree = "<group>";
		};
		047022122828094D00ACB147 /* BaristaDeveloperTests */ = {
			isa = PBXGroup;
			children = (
				047022132828094D00ACB147 /* BaristaDeveloperTests.swift */,
			);
			path = BaristaDeveloperTests;
			sourceTree = "<group>";
		};
		0470221C2828094D00ACB147 /* BaristaDeveloperUITests */ = {
			isa = PBXGroup;
			children = (
				0470221D2828094D00ACB147 /* BaristaDeveloperUITests.swift */,
				0470221F2828094D00ACB147 /* BaristaDeveloperUITestsLaunchTests.swift */,
			);
			path = BaristaDeveloperUITests;
			sourceTree = "<group>";
		};
/* End PBXGroup section */

/* Begin PBXNativeTarget section */
		047021F82828094A00ACB147 /* BaristaDeveloper */ = {
			isa = PBXNativeTarget;
			buildConfigurationList = 047022232828094D00ACB147 /* Build configuration list for PBXNativeTarget "BaristaDeveloper" */;
			buildPhases = (
				047021F52828094A00ACB147 /* Sources */,
				047021F62828094A00ACB147 /* Frameworks */,
				047021F72828094A00ACB147 /* Resources */,
			);
			buildRules = (
			);
			dependencies = (
			);
			name = BaristaDeveloper;
			productName = BaristaDeveloper;
			productReference = 047021F92828094A00ACB147 /* BaristaDeveloper.app */;
			productType = "com.apple.product-type.application";
		};
		0470220E2828094D00ACB147 /* BaristaDeveloperTests */ = {
			isa = PBXNativeTarget;
			buildConfigurationList = 047022262828094D00ACB147 /* Build configuration list for PBXNativeTarget "BaristaDeveloperTests" */;
			buildPhases = (
				0470220B2828094D00ACB147 /* Sources */,
				0470220C2828094D00ACB147 /* Frameworks */,
				0470220D2828094D00ACB147 /* Resources */,
			);
			buildRules = (
			);
			dependencies = (
				047022112828094D00ACB147 /* PBXTargetDependency */,
			);
			name = BaristaDeveloperTests;
			productName = BaristaDeveloperTests;
			productReference = 0470220F2828094D00ACB147 /* BaristaDeveloperTests.xctest */;
			productType = "com.apple.product-type.bundle.unit-test";
		};
		047022182828094D00ACB147 /* BaristaDeveloperUITests */ = {
			isa = PBXNativeTarget;
			buildConfigurationList = 047022292828094D00ACB147 /* Build configuration list for PBXNativeTarget "BaristaDeveloperUITests" */;
			buildPhases = (
				047022152828094D00ACB147 /* Sources */,
				047022162828094D00ACB147 /* Frameworks */,
				047022172828094D00ACB147 /* Resources */,
			);
			buildRules = (
			);
			dependencies = (
				0470221B2828094D00ACB147 /* PBXTargetDependency */,
			);
			name = BaristaDeveloperUITests;
			productName = BaristaDeveloperUITests;
			productReference = 047022192828094D00ACB147 /* BaristaDeveloperUITests.xctest */;
			productType = "com.apple.product-type.bundle.ui-testing";
		};
/* End PBXNativeTarget section */

/* Begin PBXProject section */
		047021F12828094A00ACB147 /* Project object */ = {
			isa = PBXProject;
			attributes = {
				BuildIndependentTargetsInParallel = 1;
				LastSwiftUpdateCheck = 1330;
				LastUpgradeCheck = 1330;
				TargetAttributes = {
					047021F82828094A00ACB147 = {
						CreatedOnToolsVersion = 13.3.1;
					};
					0470220E2828094D00ACB147 = {
						CreatedOnToolsVersion = 13.3.1;
						TestTargetID = 047021F82828094A00ACB147;
					};
					047022182828094D00ACB147 = {
						CreatedOnToolsVersion = 13.3.1;
						TestTargetID = 047021F82828094A00ACB147;
					};
				};
			};
			buildConfigurationList = 047021F42828094A00ACB147 /* Build configuration list for PBXProject "BaristaDeveloper" */;
			compatibilityVersion = "Xcode 13.0";
			developmentRegion = en;
			hasScannedForEncodings = 0;
			knownRegions = (
				en,
				Base,
			);
			mainGroup = 047021F02828094A00ACB147;
			productRefGroup = 047021FA2828094A00ACB147 /* Products */;
			projectDirPath = "";
			projectRoot = "";
			targets = (
				047021F82828094A00ACB147 /* BaristaDeveloper */,
				0470220E2828094D00ACB147 /* BaristaDeveloperTests */,
				047022182828094D00ACB147 /* BaristaDeveloperUITests */,
			);
		};
/* End PBXProject section */

/* Begin PBXResourcesBuildPhase section */
		047021F72828094A00ACB147 /* Resources */ = {
			isa = PBXResourcesBuildPhase;
			buildActionMask = 2147483647;
			files = (
				047022092828094C00ACB147 /* LaunchScreen.storyboard in Resources */,
				047022062828094C00ACB147 /* Assets.xcassets in Resources */,
				047022042828094A00ACB147 /* Main.storyboard in Resources */,
			);
			runOnlyForDeploymentPostprocessing = 0;
		};
		0470220D2828094D00ACB147 /* Resources */ = {
			isa = PBXResourcesBuildPhase;
			buildActionMask = 2147483647;
			files = (
			);
			runOnlyForDeploymentPostprocessing = 0;
		};
		047022172828094D00ACB147 /* Resources */ = {
			isa = PBXResourcesBuildPhase;
			buildActionMask = 2147483647;
			files = (
			);
			runOnlyForDeploymentPostprocessing = 0;
		};
/* End PBXResourcesBuildPhase section */

/* Begin PBXSourcesBuildPhase section */
		047021F52828094A00ACB147 /* Sources */ = {
			isa = PBXSourcesBuildPhase;
			buildActionMask = 2147483647;
			files = (
				047022012828094A00ACB147 /* ViewController.swift in Sources */,
				047021FD2828094A00ACB147 /* AppDelegate.swift in Sources */,
				047021FF2828094A00ACB147 /* SceneDelegate.swift in Sources */,
			);
			runOnlyForDeploymentPostprocessing = 0;
		};
		0470220B2828094D00ACB147 /* Sources */ = {
			isa = PBXSourcesBuildPhase;
			buildActionMask = 2147483647;
			files = (
				047022142828094D00ACB147 /* BaristaDeveloperTests.swift in Sources */,
			);
			runOnlyForDeploymentPostprocessing = 0;
		};
		047022152828094D00ACB147 /* Sources */ = {
			isa = PBXSourcesBuildPhase;
			buildActionMask = 2147483647;
			files = (
				047022202828094D00ACB147 /* BaristaDeveloperUITestsLaunchTests.swift in Sources */,
				0470221E2828094D00ACB147 /* BaristaDeveloperUITests.swift in Sources */,
			);
			runOnlyForDeploymentPostprocessing = 0;
		};
/* End PBXSourcesBuildPhase section */

/* Begin PBXTargetDependency section */
		047022112828094D00ACB147 /* PBXTargetDependency */ = {
			isa = PBXTargetDependency;
			target = 047021F82828094A00ACB147 /* BaristaDeveloper */;
			targetProxy = 047022102828094D00ACB147 /* PBXContainerItemProxy */;
		};
		0470221B2828094D00ACB147 /* PBXTargetDependency */ = {
			isa = PBXTargetDependency;
			target = 047021F82828094A00ACB147 /* BaristaDeveloper */;
			targetProxy = 0470221A2828094D00ACB147 /* PBXContainerItemProxy */;
		};
/* End PBXTargetDependency section */

/* Begin PBXVariantGroup section */
		047022022828094A00ACB147 /* Main.storyboard */ = {
			isa = PBXVariantGroup;
			children = (
				047022032828094A00ACB147 /* Base */,
			);
			name = Main.storyboard;
			sourceTree = "<group>";
		};
		047022072828094C00ACB147 /* LaunchScreen.storyboard */ = {
			isa = PBXVariantGroup;
			children = (
				047022082828094C00ACB147 /* Base */,
			);
			name = LaunchScreen.storyboard;
			sourceTree = "<group>";
		};
/* End PBXVariantGroup section */

/* Begin XCBuildConfiguration section */
		047022212828094D00ACB147 /* Debug */ = {
			isa = XCBuildConfiguration;
			buildSettings = {
				ALWAYS_SEARCH_USER_PATHS = NO;
				CLANG_ANALYZER_NONNULL = YES;
				CLANG_ANALYZER_NUMBER_OBJECT_CONVERSION = YES_AGGRESSIVE;
				CLANG_CXX_LANGUAGE_STANDARD = "gnu++17";
				CLANG_ENABLE_MODULES = YES;
				CLANG_ENABLE_OBJC_ARC = YES;
				CLANG_ENABLE_OBJC_WEAK = YES;
				CLANG_WARN_BLOCK_CAPTURE_AUTORELEASING = YES;
				CLANG_WARN_BOOL_CONVERSION = YES;
				CLANG_WARN_COMMA = YES;
				CLANG_WARN_CONSTANT_CONVERSION = YES;
				CLANG_WARN_DEPRECATED_OBJC_IMPLEMENTATIONS = YES;
				CLANG_WARN_DIRECT_OBJC_ISA_USAGE = YES_ERROR;
				CLANG_WARN_DOCUMENTATION_COMMENTS = YES;
				CLANG_WARN_EMPTY_BODY = YES;
				CLANG_WARN_ENUM_CONVERSION = YES;
				CLANG_WARN_INFINITE_RECURSION = YES;
				CLANG_WARN_INT_CONVERSION = YES;
				CLANG_WARN_NON_LITERAL_NULL_CONVERSION = YES;
				CLANG_WARN_OBJC_IMPLICIT_RETAIN_SELF = YES;
				CLANG_WARN_OBJC_LITERAL_CONVERSION = YES;
				CLANG_WARN_OBJC_ROOT_CLASS = YES_ERROR;
				CLANG_WARN_QUOTED_INCLUDE_IN_FRAMEWORK_HEADER = YES;
				CLANG_WARN_RANGE_LOOP_ANALYSIS = YES;
				CLANG_WARN_STRICT_PROTOTYPES = YES;
				CLANG_WARN_SUSPICIOUS_MOVE = YES;
				CLANG_WARN_UNGUARDED_AVAILABILITY = YES_AGGRESSIVE;
				CLANG_WARN_UNREACHABLE_CODE = YES;
				CLANG_WARN__DUPLICATE_METHOD_MATCH = YES;
				COPY_PHASE_STRIP = NO;
				DEBUG_INFORMATION_FORMAT = dwarf;
				ENABLE_STRICT_OBJC_MSGSEND = YES;
				ENABLE_TESTABILITY = YES;
				GCC_C_LANGUAGE_STANDARD = gnu11;
				GCC_DYNAMIC_NO_PIC = NO;
				GCC_NO_COMMON_BLOCKS = YES;
				GCC_OPTIMIZATION_LEVEL = 0;
				GCC_PREPROCESSOR_DEFINITIONS = (
					"DEBUG=1",
					"$(inherited)",
				);
				GCC_WARN_64_TO_32_BIT_CONVERSION = YES;
				GCC_WARN_ABOUT_RETURN_TYPE = YES_ERROR;
				GCC_WARN_UNDECLARED_SELECTOR = YES;
				GCC_WARN_UNINITIALIZED_AUTOS = YES_AGGRESSIVE;
				GCC_WARN_UNUSED_FUNCTION = YES;
				GCC_WARN_UNUSED_VARIABLE = YES;
				IPHONEOS_DEPLOYMENT_TARGET = 15.4;
				MTL_ENABLE_DEBUG_INFO = INCLUDE_SOURCE;
				MTL_FAST_MATH = YES;
				ONLY_ACTIVE_ARCH = YES;
				SDKROOT = iphoneos;
				SWIFT_ACTIVE_COMPILATION_CONDITIONS = DEBUG;
				SWIFT_OPTIMIZATION_LEVEL = "-Onone";
			};
			name = Debug;
		};
		047022222828094D00ACB147 /* Release */ = {
			isa = XCBuildConfiguration;
			buildSettings = {
				ALWAYS_SEARCH_USER_PATHS = NO;
				CLANG_ANALYZER_NONNULL = YES;
				CLANG_ANALYZER_NUMBER_OBJECT_CONVERSION = YES_AGGRESSIVE;
				CLANG_CXX_LANGUAGE_STANDARD = "gnu++17";
				CLANG_ENABLE_MODULES = YES;
				CLANG_ENABLE_OBJC_ARC = YES;
				CLANG_ENABLE_OBJC_WEAK = YES;
				CLANG_WARN_BLOCK_CAPTURE_AUTORELEASING = YES;
				CLANG_WARN_BOOL_CONVERSION = YES;
				CLANG_WARN_COMMA = YES;
				CLANG_WARN_CONSTANT_CONVERSION = YES;
				CLANG_WARN_DEPRECATED_OBJC_IMPLEMENTATIONS = YES;
				CLANG_WARN_DIRECT_OBJC_ISA_USAGE = YES_ERROR;
				CLANG_WARN_DOCUMENTATION_COMMENTS = YES;
				CLANG_WARN_EMPTY_BODY = YES;
				CLANG_WARN_ENUM_CONVERSION = YES;
				CLANG_WARN_INFINITE_RECURSION = YES;
				CLANG_WARN_INT_CONVERSION = YES;
				CLANG_WARN_NON_LITERAL_NULL_CONVERSION = YES;
				CLANG_WARN_OBJC_IMPLICIT_RETAIN_SELF = YES;
				CLANG_WARN_OBJC_LITERAL_CONVERSION = YES;
				CLANG_WARN_OBJC_ROOT_CLASS = YES_ERROR;
				CLANG_WARN_QUOTED_INCLUDE_IN_FRAMEWORK_HEADER = YES;
				CLANG_WARN_RANGE_LOOP_ANALYSIS = YES;
				CLANG_WARN_STRICT_PROTOTYPES = YES;
				CLANG_WARN_SUSPICIOUS_MOVE = YES;
				CLANG_WARN_UNGUARDED_AVAILABILITY = YES_AGGRESSIVE;
				CLANG_WARN_UNREACHABLE_CODE = YES;
				CLANG_WARN__DUPLICATE_METHOD_MATCH = YES;
				COPY_PHASE_STRIP = NO;
				DEBUG_INFORMATION_FORMAT = "dwarf-with-dsym";
				ENABLE_NS_ASSERTIONS = NO;
				ENABLE_STRICT_OBJC_MSGSEND = YES;
				GCC_C_LANGUAGE_STANDARD = gnu11;
				GCC_NO_COMMON_BLOCKS = YES;
				GCC_WARN_64_TO_32_BIT_CONVERSION = YES;
				GCC_WARN_ABOUT_RETURN_TYPE = YES_ERROR;
				GCC_WARN_UNDECLARED_SELECTOR = YES;
				GCC_WARN_UNINITIALIZED_AUTOS = YES_AGGRESSIVE;
				GCC_WARN_UNUSED_FUNCTION = YES;
				GCC_WARN_UNUSED_VARIABLE = YES;
				IPHONEOS_DEPLOYMENT_TARGET = 15.4;
				MTL_ENABLE_DEBUG_INFO = NO;
				MTL_FAST_MATH = YES;
				SDKROOT = iphoneos;
				SWIFT_COMPILATION_MODE = wholemodule;
				SWIFT_OPTIMIZATION_LEVEL = "-O";
				VALIDATE_PRODUCT = YES;
			};
			name = Release;
		};
		047022242828094D00ACB147 /* Debug */ = {
			isa = XCBuildConfiguration;
			buildSettings = {
				ASSETCATALOG_COMPILER_APPICON_NAME = AppIcon;
				ASSETCATALOG_COMPILER_GLOBAL_ACCENT_COLOR_NAME = AccentColor;
				CODE_SIGN_STYLE = Automatic;
				CURRENT_PROJECT_VERSION = 1;
				DEVELOPMENT_TEAM = 97KJB35S4G;
				GENERATE_INFOPLIST_FILE = YES;
				INFOPLIST_FILE = BaristaDeveloper/Info.plist;
				INFOPLIST_KEY_UIApplicationSupportsIndirectInputEvents = YES;
				INFOPLIST_KEY_UILaunchStoryboardName = LaunchScreen;
				INFOPLIST_KEY_UIMainStoryboardFile = Main;
				INFOPLIST_KEY_UISupportedInterfaceOrientations_iPad = "UIInterfaceOrientationPortrait UIInterfaceOrientationPortraitUpsideDown UIInterfaceOrientationLandscapeLeft UIInterfaceOrientationLandscapeRight";
				INFOPLIST_KEY_UISupportedInterfaceOrientations_iPhone = "UIInterfaceOrientationPortrait UIInterfaceOrientationLandscapeLeft UIInterfaceOrientationLandscapeRight";
				LD_RUNPATH_SEARCH_PATHS = (
					"$(inherited)",
					"@executable_path/Frameworks",
				);
				MARKETING_VERSION = 1.0;
				PRODUCT_BUNDLE_IDENTIFIER = Halan.BaristaDeveloper;
				PRODUCT_NAME = "$(TARGET_NAME)";
				SWIFT_EMIT_LOC_STRINGS = YES;
				SWIFT_VERSION = 5.0;
				TARGETED_DEVICE_FAMILY = "1,2";
			};
			name = Debug;
		};
		047022252828094D00ACB147 /* Release */ = {
			isa = XCBuildConfiguration;
			buildSettings = {
				ASSETCATALOG_COMPILER_APPICON_NAME = AppIcon;
				ASSETCATALOG_COMPILER_GLOBAL_ACCENT_COLOR_NAME = AccentColor;
				CODE_SIGN_STYLE = Automatic;
				CURRENT_PROJECT_VERSION = 1;
				DEVELOPMENT_TEAM = 97KJB35S4G;
				GENERATE_INFOPLIST_FILE = YES;
				INFOPLIST_FILE = BaristaDeveloper/Info.plist;
				INFOPLIST_KEY_UIApplicationSupportsIndirectInputEvents = YES;
				INFOPLIST_KEY_UILaunchStoryboardName = LaunchScreen;
				INFOPLIST_KEY_UIMainStoryboardFile = Main;
				INFOPLIST_KEY_UISupportedInterfaceOrientations_iPad = "UIInterfaceOrientationPortrait UIInterfaceOrientationPortraitUpsideDown UIInterfaceOrientationLandscapeLeft UIInterfaceOrientationLandscapeRight";
				INFOPLIST_KEY_UISupportedInterfaceOrientations_iPhone = "UIInterfaceOrientationPortrait UIInterfaceOrientationLandscapeLeft UIInterfaceOrientationLandscapeRight";
				LD_RUNPATH_SEARCH_PATHS = (
					"$(inherited)",
					"@executable_path/Frameworks",
				);
				MARKETING_VERSION = 1.0;
				PRODUCT_BUNDLE_IDENTIFIER = Halan.BaristaDeveloper;
				PRODUCT_NAME = "$(TARGET_NAME)";
				SWIFT_EMIT_LOC_STRINGS = YES;
				SWIFT_VERSION = 5.0;
				TARGETED_DEVICE_FAMILY = "1,2";
			};
			name = Release;
		};
		047022272828094D00ACB147 /* Debug */ = {
			isa = XCBuildConfiguration;
			buildSettings = {
				ALWAYS_EMBED_SWIFT_STANDARD_LIBRARIES = YES;
				BUNDLE_LOADER = "$(TEST_HOST)";
				CODE_SIGN_STYLE = Automatic;
				CURRENT_PROJECT_VERSION = 1;
				DEVELOPMENT_TEAM = 97KJB35S4G;
				GENERATE_INFOPLIST_FILE = YES;
				IPHONEOS_DEPLOYMENT_TARGET = 15.4;
				MARKETING_VERSION = 1.0;
				PRODUCT_BUNDLE_IDENTIFIER = Halan.BaristaDeveloperTests;
				PRODUCT_NAME = "$(TARGET_NAME)";
				SWIFT_EMIT_LOC_STRINGS = NO;
				SWIFT_VERSION = 5.0;
				TARGETED_DEVICE_FAMILY = "1,2";
				TEST_HOST = "$(BUILT_PRODUCTS_DIR)/BaristaDeveloper.app/BaristaDeveloper";
			};
			name = Debug;
		};
		047022282828094D00ACB147 /* Release */ = {
			isa = XCBuildConfiguration;
			buildSettings = {
				ALWAYS_EMBED_SWIFT_STANDARD_LIBRARIES = YES;
				BUNDLE_LOADER = "$(TEST_HOST)";
				CODE_SIGN_STYLE = Automatic;
				CURRENT_PROJECT_VERSION = 1;
				DEVELOPMENT_TEAM = 97KJB35S4G;
				GENERATE_INFOPLIST_FILE = YES;
				IPHONEOS_DEPLOYMENT_TARGET = 15.4;
				MARKETING_VERSION = 1.0;
				PRODUCT_BUNDLE_IDENTIFIER = Halan.BaristaDeveloperTests;
				PRODUCT_NAME = "$(TARGET_NAME)";
				SWIFT_EMIT_LOC_STRINGS = NO;
				SWIFT_VERSION = 5.0;
				TARGETED_DEVICE_FAMILY = "1,2";
				TEST_HOST = "$(BUILT_PRODUCTS_DIR)/BaristaDeveloper.app/BaristaDeveloper";
			};
			name = Release;
		};
		0470222A2828094D00ACB147 /* Debug */ = {
			isa = XCBuildConfiguration;
			buildSettings = {
				ALWAYS_EMBED_SWIFT_STANDARD_LIBRARIES = YES;
				CODE_SIGN_STYLE = Automatic;
				CURRENT_PROJECT_VERSION = 1;
				DEVELOPMENT_TEAM = 97KJB35S4G;
				GENERATE_INFOPLIST_FILE = YES;
				MARKETING_VERSION = 1.0;
				PRODUCT_BUNDLE_IDENTIFIER = Halan.BaristaDeveloperUITests;
				PRODUCT_NAME = "$(TARGET_NAME)";
				SWIFT_EMIT_LOC_STRINGS = NO;
				SWIFT_VERSION = 5.0;
				TARGETED_DEVICE_FAMILY = "1,2";
				TEST_TARGET_NAME = BaristaDeveloper;
			};
			name = Debug;
		};
		0470222B2828094D00ACB147 /* Release */ = {
			isa = XCBuildConfiguration;
			buildSettings = {
				ALWAYS_EMBED_SWIFT_STANDARD_LIBRARIES = YES;
				CODE_SIGN_STYLE = Automatic;
				CURRENT_PROJECT_VERSION = 1;
				DEVELOPMENT_TEAM = 97KJB35S4G;
				GENERATE_INFOPLIST_FILE = YES;
				MARKETING_VERSION = 1.0;
				PRODUCT_BUNDLE_IDENTIFIER = Halan.BaristaDeveloperUITests;
				PRODUCT_NAME = "$(TARGET_NAME)";
				SWIFT_EMIT_LOC_STRINGS = NO;
				SWIFT_VERSION = 5.0;
				TARGETED_DEVICE_FAMILY = "1,2";
				TEST_TARGET_NAME = BaristaDeveloper;
			};
			name = Release;
		};
/* End XCBuildConfiguration section */

/* Begin XCConfigurationList section */
		047021F42828094A00ACB147 /* Build configuration list for PBXProject "BaristaDeveloper" */ = {
			isa = XCConfigurationList;
			buildConfigurations = (
				047022212828094D00ACB147 /* Debug */,
				047022222828094D00ACB147 /* Release */,
			);
			defaultConfigurationIsVisible = 0;
			defaultConfigurationName = Release;
		};
		047022232828094D00ACB147 /* Build configuration list for PBXNativeTarget "BaristaDeveloper" */ = {
			isa = XCConfigurationList;
			buildConfigurations = (
				047022242828094D00ACB147 /* Debug */,
				047022252828094D00ACB147 /* Release */,
			);
			defaultConfigurationIsVisible = 0;
			defaultConfigurationName = Release;
		};
		047022262828094D00ACB147 /* Build configuration list for PBXNativeTarget "BaristaDeveloperTests" */ = {
			isa = XCConfigurationList;
			buildConfigurations = (
				047022272828094D00ACB147 /* Debug */,
				047022282828094D00ACB147 /* Release */,
			);
			defaultConfigurationIsVisible = 0;
			defaultConfigurationName = Release;
		};
		047022292828094D00ACB147 /* Build configuration list for PBXNativeTarget "BaristaDeveloperUITests" */ = {
			isa = XCConfigurationList;
			buildConfigurations = (
				0470222A2828094D00ACB147 /* Debug */,
				0470222B2828094D00ACB147 /* Release */,
			);
			defaultConfigurationIsVisible = 0;
			defaultConfigurationName = Release;
		};
/* End XCConfigurationList section */
	};
	rootObject = 047021F12828094A00ACB147 /* Project object */;
}
